// !$*UTF8*$!
{
	archiveVersion = 1;
	classes = {
	};
	objectVersion = 56;
	objects = {

/* Begin PBXBuildFile section */
		300D958C2948D1F200FE2049 /* AppDelegate.swift in Sources */ = {isa = PBXBuildFile; fileRef = 300D958B2948D1F200FE2049 /* AppDelegate.swift */; };
		300D958E2948D1F200FE2049 /* SceneDelegate.swift in Sources */ = {isa = PBXBuildFile; fileRef = 300D958D2948D1F200FE2049 /* SceneDelegate.swift */; };
		300D95902948D1F200FE2049 /* HomeViewController.swift in Sources */ = {isa = PBXBuildFile; fileRef = 300D958F2948D1F200FE2049 /* HomeViewController.swift */; };
		300D95932948D1F200FE2049 /* Main.storyboard in Resources */ = {isa = PBXBuildFile; fileRef = 300D95912948D1F200FE2049 /* Main.storyboard */; };
		300D95952948D1F400FE2049 /* Assets.xcassets in Resources */ = {isa = PBXBuildFile; fileRef = 300D95942948D1F400FE2049 /* Assets.xcassets */; };
		300D95982948D1F400FE2049 /* LaunchScreen.storyboard in Resources */ = {isa = PBXBuildFile; fileRef = 300D95962948D1F400FE2049 /* LaunchScreen.storyboard */; };
		300D95A12948D21B00FE2049 /* View+Extesnions.swift in Sources */ = {isa = PBXBuildFile; fileRef = 300D95A02948D21B00FE2049 /* View+Extesnions.swift */; };
		300D95A72948D46900FE2049 /* LoginViewController.swift in Sources */ = {isa = PBXBuildFile; fileRef = 300D95A62948D46900FE2049 /* LoginViewController.swift */; };
		300D95A92948D48000FE2049 /* SettingsViewController.swift in Sources */ = {isa = PBXBuildFile; fileRef = 300D95A82948D48000FE2049 /* SettingsViewController.swift */; };
		30B3A2A12948EE7200490312 /* BackgroundCardView.swift in Sources */ = {isa = PBXBuildFile; fileRef = 30B3A2A02948EE7200490312 /* BackgroundCardView.swift */; };
		30B3A2A42948F01000490312 /* SettingsCellModel.swift in Sources */ = {isa = PBXBuildFile; fileRef = 30B3A2A32948F01000490312 /* SettingsCellModel.swift */; };
		30B54F7D2948F4DE00987B37 /* SettingsTableViewCell.swift in Sources */ = {isa = PBXBuildFile; fileRef = 30B54F7C2948F4DE00987B37 /* SettingsTableViewCell.swift */; };
		30B54F7F2948F6FF00987B37 /* EmptyViewController.swift in Sources */ = {isa = PBXBuildFile; fileRef = 30B54F7E2948F6FF00987B37 /* EmptyViewController.swift */; };
		30B54F822949070800987B37 /* TabBarShapeView.swift in Sources */ = {isa = PBXBuildFile; fileRef = 30B54F812949070800987B37 /* TabBarShapeView.swift */; };
		30B54F8429491ECE00987B37 /* MyTabBarController.swift in Sources */ = {isa = PBXBuildFile; fileRef = 30B54F8329491ECE00987B37 /* MyTabBarController.swift */; };
		30B54F87294947DB00987B37 /* Solution.md in Resources */ = {isa = PBXBuildFile; fileRef = 30B54F86294947DB00987B37 /* Solution.md */; };
/* End PBXBuildFile section */

/* Begin PBXFileReference section */
		300D95882948D1F200FE2049 /* MintynApp.app */ = {isa = PBXFileReference; explicitFileType = wrapper.application; includeInIndex = 0; path = MintynApp.app; sourceTree = BUILT_PRODUCTS_DIR; };
		300D958B2948D1F200FE2049 /* AppDelegate.swift */ = {isa = PBXFileReference; lastKnownFileType = sourcecode.swift; path = AppDelegate.swift; sourceTree = "<group>"; };
		300D958D2948D1F200FE2049 /* SceneDelegate.swift */ = {isa = PBXFileReference; lastKnownFileType = sourcecode.swift; path = SceneDelegate.swift; sourceTree = "<group>"; };
		300D958F2948D1F200FE2049 /* HomeViewController.swift */ = {isa = PBXFileReference; lastKnownFileType = sourcecode.swift; path = HomeViewController.swift; sourceTree = "<group>"; };
		300D95922948D1F200FE2049 /* Base */ = {isa = PBXFileReference; lastKnownFileType = file.storyboard; name = Base; path = Base.lproj/Main.storyboard; sourceTree = "<group>"; };
		300D95942948D1F400FE2049 /* Assets.xcassets */ = {isa = PBXFileReference; lastKnownFileType = folder.assetcatalog; path = Assets.xcassets; sourceTree = "<group>"; };
		300D95972948D1F400FE2049 /* Base */ = {isa = PBXFileReference; lastKnownFileType = file.storyboard; name = Base; path = Base.lproj/LaunchScreen.storyboard; sourceTree = "<group>"; };
		300D95992948D1F400FE2049 /* Info.plist */ = {isa = PBXFileReference; lastKnownFileType = text.plist.xml; path = Info.plist; sourceTree = "<group>"; };
		300D95A02948D21B00FE2049 /* View+Extesnions.swift */ = {isa = PBXFileReference; lastKnownFileType = sourcecode.swift; path = "View+Extesnions.swift"; sourceTree = "<group>"; };
		300D95A62948D46900FE2049 /* LoginViewController.swift */ = {isa = PBXFileReference; lastKnownFileType = sourcecode.swift; path = LoginViewController.swift; sourceTree = "<group>"; };
		300D95A82948D48000FE2049 /* SettingsViewController.swift */ = {isa = PBXFileReference; lastKnownFileType = sourcecode.swift; path = SettingsViewController.swift; sourceTree = "<group>"; };
		30B3A2A02948EE7200490312 /* BackgroundCardView.swift */ = {isa = PBXFileReference; lastKnownFileType = sourcecode.swift; path = BackgroundCardView.swift; sourceTree = "<group>"; };
		30B3A2A32948F01000490312 /* SettingsCellModel.swift */ = {isa = PBXFileReference; lastKnownFileType = sourcecode.swift; path = SettingsCellModel.swift; sourceTree = "<group>"; };
		30B54F7C2948F4DE00987B37 /* SettingsTableViewCell.swift */ = {isa = PBXFileReference; lastKnownFileType = sourcecode.swift; path = SettingsTableViewCell.swift; sourceTree = "<group>"; };
		30B54F7E2948F6FF00987B37 /* EmptyViewController.swift */ = {isa = PBXFileReference; lastKnownFileType = sourcecode.swift; path = EmptyViewController.swift; sourceTree = "<group>"; };
		30B54F812949070800987B37 /* TabBarShapeView.swift */ = {isa = PBXFileReference; lastKnownFileType = sourcecode.swift; path = TabBarShapeView.swift; sourceTree = "<group>"; };
		30B54F8329491ECE00987B37 /* MyTabBarController.swift */ = {isa = PBXFileReference; lastKnownFileType = sourcecode.swift; path = MyTabBarController.swift; sourceTree = "<group>"; };
		30B54F86294947DB00987B37 /* Solution.md */ = {isa = PBXFileReference; lastKnownFileType = net.daringfireball.markdown; path = Solution.md; sourceTree = "<group>"; };
/* End PBXFileReference section */

/* Begin PBXFrameworksBuildPhase section */
		300D95852948D1F200FE2049 /* Frameworks */ = {
			isa = PBXFrameworksBuildPhase;
			buildActionMask = 2147483647;
			files = (
			);
			runOnlyForDeploymentPostprocessing = 0;
		};
/* End PBXFrameworksBuildPhase section */

/* Begin PBXGroup section */
		300D957F2948D1F200FE2049 = {
			isa = PBXGroup;
			children = (
				300D958A2948D1F200FE2049 /* MintynApp */,
				300D95892948D1F200FE2049 /* Products */,
			);
			sourceTree = "<group>";
		};
		300D95892948D1F200FE2049 /* Products */ = {
			isa = PBXGroup;
			children = (
				300D95882948D1F200FE2049 /* MintynApp.app */,
			);
			name = Products;
			sourceTree = "<group>";
		};
		300D958A2948D1F200FE2049 /* MintynApp */ = {
			isa = PBXGroup;
			children = (
				30B54F852949476D00987B37 /* SOLUTION */,
				300D95992948D1F400FE2049 /* Info.plist */,
				300D958B2948D1F200FE2049 /* AppDelegate.swift */,
				300D958D2948D1F200FE2049 /* SceneDelegate.swift */,
				30B3A2A22948EFFB00490312 /* Model */,
				30B3A29F2948EE5B00490312 /* Reusable */,
				300D95A32948D23C00FE2049 /* Resources */,
				300D95A22948D22700FE2049 /* Controllers */,
				300D959F2948D1FD00FE2049 /* Extensions */,
				300D95A42948D25400FE2049 /* Views */,
			);
			path = MintynApp;
			sourceTree = "<group>";
		};
		300D959F2948D1FD00FE2049 /* Extensions */ = {
			isa = PBXGroup;
			children = (
				300D95A02948D21B00FE2049 /* View+Extesnions.swift */,
			);
			path = Extensions;
			sourceTree = "<group>";
		};
		300D95A22948D22700FE2049 /* Controllers */ = {
			isa = PBXGroup;
			children = (
				30B54F802949059D00987B37 /* TabBar */,
				300D95A52948D44F00FE2049 /* Main */,
				30B54F7E2948F6FF00987B37 /* EmptyViewController.swift */,
			);
			path = Controllers;
			sourceTree = "<group>";
		};
		300D95A32948D23C00FE2049 /* Resources */ = {
			isa = PBXGroup;
			children = (
				300D95942948D1F400FE2049 /* Assets.xcassets */,
			);
			path = Resources;
			sourceTree = "<group>";
		};
		300D95A42948D25400FE2049 /* Views */ = {
			isa = PBXGroup;
			children = (
				300D95912948D1F200FE2049 /* Main.storyboard */,
				300D95962948D1F400FE2049 /* LaunchScreen.storyboard */,
			);
			path = Views;
			sourceTree = "<group>";
		};
		300D95A52948D44F00FE2049 /* Main */ = {
			isa = PBXGroup;
			children = (
				300D958F2948D1F200FE2049 /* HomeViewController.swift */,
				300D95A62948D46900FE2049 /* LoginViewController.swift */,
				300D95A82948D48000FE2049 /* SettingsViewController.swift */,
			);
			path = Main;
			sourceTree = "<group>";
		};
		30B3A29E2948EE4900490312 /* Components */ = {
			isa = PBXGroup;
			children = (
				30B3A2A02948EE7200490312 /* BackgroundCardView.swift */,
				30B54F7C2948F4DE00987B37 /* SettingsTableViewCell.swift */,
			);
			path = Components;
			sourceTree = "<group>";
		};
		30B3A29F2948EE5B00490312 /* Reusable */ = {
			isa = PBXGroup;
			children = (
				30B3A29E2948EE4900490312 /* Components */,
			);
			path = Reusable;
			sourceTree = "<group>";
		};
		30B3A2A22948EFFB00490312 /* Model */ = {
			isa = PBXGroup;
			children = (
				30B3A2A32948F01000490312 /* SettingsCellModel.swift */,
			);
			path = Model;
			sourceTree = "<group>";
		};
		30B54F802949059D00987B37 /* TabBar */ = {
			isa = PBXGroup;
			children = (
				30B54F812949070800987B37 /* TabBarShapeView.swift */,
				30B54F8329491ECE00987B37 /* MyTabBarController.swift */,
			);
			path = TabBar;
			sourceTree = "<group>";
		};
		30B54F852949476D00987B37 /* SOLUTION */ = {
			isa = PBXGroup;
			children = (
				30B54F86294947DB00987B37 /* Solution.md */,
			);
			path = SOLUTION;
			sourceTree = "<group>";
		};
/* End PBXGroup section */

/* Begin PBXNativeTarget section */
		300D95872948D1F200FE2049 /* MintynApp */ = {
			isa = PBXNativeTarget;
			buildConfigurationList = 300D959C2948D1F400FE2049 /* Build configuration list for PBXNativeTarget "MintynApp" */;
			buildPhases = (
				300D95842948D1F200FE2049 /* Sources */,
				300D95852948D1F200FE2049 /* Frameworks */,
				300D95862948D1F200FE2049 /* Resources */,
			);
			buildRules = (
			);
			dependencies = (
			);
			name = MintynApp;
			productName = MintynApp;
			productReference = 300D95882948D1F200FE2049 /* MintynApp.app */;
			productType = "com.apple.product-type.application";
		};
/* End PBXNativeTarget section */

/* Begin PBXProject section */
		300D95802948D1F200FE2049 /* Project object */ = {
			isa = PBXProject;
			attributes = {
				BuildIndependentTargetsInParallel = 1;
				LastSwiftUpdateCheck = 1400;
				LastUpgradeCheck = 1400;
				TargetAttributes = {
					300D95872948D1F200FE2049 = {
						CreatedOnToolsVersion = 14.0.1;
					};
				};
			};
			buildConfigurationList = 300D95832948D1F200FE2049 /* Build configuration list for PBXProject "MintynApp" */;
			compatibilityVersion = "Xcode 14.0";
			developmentRegion = en;
			hasScannedForEncodings = 0;
			knownRegions = (
				en,
				Base,
			);
			mainGroup = 300D957F2948D1F200FE2049;
			productRefGroup = 300D95892948D1F200FE2049 /* Products */;
			projectDirPath = "";
			projectRoot = "";
			targets = (
				300D95872948D1F200FE2049 /* MintynApp */,
			);
		};
/* End PBXProject section */

/* Begin PBXResourcesBuildPhase section */
		300D95862948D1F200FE2049 /* Resources */ = {
			isa = PBXResourcesBuildPhase;
			buildActionMask = 2147483647;
			files = (
				300D95982948D1F400FE2049 /* LaunchScreen.storyboard in Resources */,
				300D95952948D1F400FE2049 /* Assets.xcassets in Resources */,
				300D95932948D1F200FE2049 /* Main.storyboard in Resources */,
				30B54F87294947DB00987B37 /* Solution.md in Resources */,
			);
			runOnlyForDeploymentPostprocessing = 0;
		};
/* End PBXResourcesBuildPhase section */

/* Begin PBXSourcesBuildPhase section */
		300D95842948D1F200FE2049 /* Sources */ = {
			isa = PBXSourcesBuildPhase;
			buildActionMask = 2147483647;
			files = (
				30B3A2A42948F01000490312 /* SettingsCellModel.swift in Sources */,
				300D95902948D1F200FE2049 /* HomeViewController.swift in Sources */,
				30B54F7F2948F6FF00987B37 /* EmptyViewController.swift in Sources */,
				30B54F7D2948F4DE00987B37 /* SettingsTableViewCell.swift in Sources */,
				300D95A72948D46900FE2049 /* LoginViewController.swift in Sources */,
				30B54F8429491ECE00987B37 /* MyTabBarController.swift in Sources */,
				30B3A2A12948EE7200490312 /* BackgroundCardView.swift in Sources */,
				300D958C2948D1F200FE2049 /* AppDelegate.swift in Sources */,
				300D95A12948D21B00FE2049 /* View+Extesnions.swift in Sources */,
				30B54F822949070800987B37 /* TabBarShapeView.swift in Sources */,
				300D958E2948D1F200FE2049 /* SceneDelegate.swift in Sources */,
				300D95A92948D48000FE2049 /* SettingsViewController.swift in Sources */,
			);
			runOnlyForDeploymentPostprocessing = 0;
		};
/* End PBXSourcesBuildPhase section */

/* Begin PBXVariantGroup section */
		300D95912948D1F200FE2049 /* Main.storyboard */ = {
			isa = PBXVariantGroup;
			children = (
				300D95922948D1F200FE2049 /* Base */,
			);
			name = Main.storyboard;
			sourceTree = "<group>";
		};
		300D95962948D1F400FE2049 /* LaunchScreen.storyboard */ = {
			isa = PBXVariantGroup;
			children = (
				300D95972948D1F400FE2049 /* Base */,
			);
			name = LaunchScreen.storyboard;
			sourceTree = "<group>";
		};
/* End PBXVariantGroup section */

/* Begin XCBuildConfiguration section */
		300D959A2948D1F400FE2049 /* Debug */ = {
			isa = XCBuildConfiguration;
			buildSettings = {
				ALWAYS_SEARCH_USER_PATHS = NO;
				CLANG_ANALYZER_NONNULL = YES;
				CLANG_ANALYZER_NUMBER_OBJECT_CONVERSION = YES_AGGRESSIVE;
				CLANG_CXX_LANGUAGE_STANDARD = "gnu++20";
				CLANG_ENABLE_MODULES = YES;
				CLANG_ENABLE_OBJC_ARC = YES;
				CLANG_ENABLE_OBJC_WEAK = YES;
				CLANG_WARN_BLOCK_CAPTURE_AUTORELEASING = YES;
				CLANG_WARN_BOOL_CONVERSION = YES;
				CLANG_WARN_COMMA = YES;
				CLANG_WARN_CONSTANT_CONVERSION = YES;
				CLANG_WARN_DEPRECATED_OBJC_IMPLEMENTATIONS = YES;
				CLANG_WARN_DIRECT_OBJC_ISA_USAGE = YES_ERROR;
				CLANG_WARN_DOCUMENTATION_COMMENTS = YES;
				CLANG_WARN_EMPTY_BODY = YES;
				CLANG_WARN_ENUM_CONVERSION = YES;
				CLANG_WARN_INFINITE_RECURSION = YES;
				CLANG_WARN_INT_CONVERSION = YES;
				CLANG_WARN_NON_LITERAL_NULL_CONVERSION = YES;
				CLANG_WARN_OBJC_IMPLICIT_RETAIN_SELF = YES;
				CLANG_WARN_OBJC_LITERAL_CONVERSION = YES;
				CLANG_WARN_OBJC_ROOT_CLASS = YES_ERROR;
				CLANG_WARN_QUOTED_INCLUDE_IN_FRAMEWORK_HEADER = YES;
				CLANG_WARN_RANGE_LOOP_ANALYSIS = YES;
				CLANG_WARN_STRICT_PROTOTYPES = YES;
				CLANG_WARN_SUSPICIOUS_MOVE = YES;
				CLANG_WARN_UNGUARDED_AVAILABILITY = YES_AGGRESSIVE;
				CLANG_WARN_UNREACHABLE_CODE = YES;
				CLANG_WARN__DUPLICATE_METHOD_MATCH = YES;
				COPY_PHASE_STRIP = NO;
				DEBUG_INFORMATION_FORMAT = dwarf;
				ENABLE_STRICT_OBJC_MSGSEND = YES;
				ENABLE_TESTABILITY = YES;
				GCC_C_LANGUAGE_STANDARD = gnu11;
				GCC_DYNAMIC_NO_PIC = NO;
				GCC_NO_COMMON_BLOCKS = YES;
				GCC_OPTIMIZATION_LEVEL = 0;
				GCC_PREPROCESSOR_DEFINITIONS = (
					"DEBUG=1",
					"$(inherited)",
				);
				GCC_WARN_64_TO_32_BIT_CONVERSION = YES;
				GCC_WARN_ABOUT_RETURN_TYPE = YES_ERROR;
				GCC_WARN_UNDECLARED_SELECTOR = YES;
				GCC_WARN_UNINITIALIZED_AUTOS = YES_AGGRESSIVE;
				GCC_WARN_UNUSED_FUNCTION = YES;
				GCC_WARN_UNUSED_VARIABLE = YES;
				IPHONEOS_DEPLOYMENT_TARGET = 16.0;
				MTL_ENABLE_DEBUG_INFO = INCLUDE_SOURCE;
				MTL_FAST_MATH = YES;
				ONLY_ACTIVE_ARCH = YES;
				SDKROOT = iphoneos;
				SWIFT_ACTIVE_COMPILATION_CONDITIONS = DEBUG;
				SWIFT_OPTIMIZATION_LEVEL = "-Onone";
			};
			name = Debug;
		};
		300D959B2948D1F400FE2049 /* Release */ = {
			isa = XCBuildConfiguration;
			buildSettings = {
				ALWAYS_SEARCH_USER_PATHS = NO;
				CLANG_ANALYZER_NONNULL = YES;
				CLANG_ANALYZER_NUMBER_OBJECT_CONVERSION = YES_AGGRESSIVE;
				CLANG_CXX_LANGUAGE_STANDARD = "gnu++20";
				CLANG_ENABLE_MODULES = YES;
				CLANG_ENABLE_OBJC_ARC = YES;
				CLANG_ENABLE_OBJC_WEAK = YES;
				CLANG_WARN_BLOCK_CAPTURE_AUTORELEASING = YES;
				CLANG_WARN_BOOL_CONVERSION = YES;
				CLANG_WARN_COMMA = YES;
				CLANG_WARN_CONSTANT_CONVERSION = YES;
				CLANG_WARN_DEPRECATED_OBJC_IMPLEMENTATIONS = YES;
				CLANG_WARN_DIRECT_OBJC_ISA_USAGE = YES_ERROR;
				CLANG_WARN_DOCUMENTATION_COMMENTS = YES;
				CLANG_WARN_EMPTY_BODY = YES;
				CLANG_WARN_ENUM_CONVERSION = YES;
				CLANG_WARN_INFINITE_RECURSION = YES;
				CLANG_WARN_INT_CONVERSION = YES;
				CLANG_WARN_NON_LITERAL_NULL_CONVERSION = YES;
				CLANG_WARN_OBJC_IMPLICIT_RETAIN_SELF = YES;
				CLANG_WARN_OBJC_LITERAL_CONVERSION = YES;
				CLANG_WARN_OBJC_ROOT_CLASS = YES_ERROR;
				CLANG_WARN_QUOTED_INCLUDE_IN_FRAMEWORK_HEADER = YES;
				CLANG_WARN_RANGE_LOOP_ANALYSIS = YES;
				CLANG_WARN_STRICT_PROTOTYPES = YES;
				CLANG_WARN_SUSPICIOUS_MOVE = YES;
				CLANG_WARN_UNGUARDED_AVAILABILITY = YES_AGGRESSIVE;
				CLANG_WARN_UNREACHABLE_CODE = YES;
				CLANG_WARN__DUPLICATE_METHOD_MATCH = YES;
				COPY_PHASE_STRIP = NO;
				DEBUG_INFORMATION_FORMAT = "dwarf-with-dsym";
				ENABLE_NS_ASSERTIONS = NO;
				ENABLE_STRICT_OBJC_MSGSEND = YES;
				GCC_C_LANGUAGE_STANDARD = gnu11;
				GCC_NO_COMMON_BLOCKS = YES;
				GCC_WARN_64_TO_32_BIT_CONVERSION = YES;
				GCC_WARN_ABOUT_RETURN_TYPE = YES_ERROR;
				GCC_WARN_UNDECLARED_SELECTOR = YES;
				GCC_WARN_UNINITIALIZED_AUTOS = YES_AGGRESSIVE;
				GCC_WARN_UNUSED_FUNCTION = YES;
				GCC_WARN_UNUSED_VARIABLE = YES;
				IPHONEOS_DEPLOYMENT_TARGET = 16.0;
				MTL_ENABLE_DEBUG_INFO = NO;
				MTL_FAST_MATH = YES;
				SDKROOT = iphoneos;
				SWIFT_COMPILATION_MODE = wholemodule;
				SWIFT_OPTIMIZATION_LEVEL = "-O";
				VALIDATE_PRODUCT = YES;
			};
			name = Release;
		};
		300D959D2948D1F400FE2049 /* Debug */ = {
			isa = XCBuildConfiguration;
			buildSettings = {
				ASSETCATALOG_COMPILER_APPICON_NAME = AppIcon;
				ASSETCATALOG_COMPILER_GLOBAL_ACCENT_COLOR_NAME = AccentColor;
				CODE_SIGN_STYLE = Automatic;
				CURRENT_PROJECT_VERSION = 1;
				DEVELOPMENT_TEAM = L77873QU8Q;
				GENERATE_INFOPLIST_FILE = YES;
				INFOPLIST_FILE = MintynApp/Info.plist;
				INFOPLIST_KEY_UIApplicationSupportsIndirectInputEvents = YES;
				INFOPLIST_KEY_UILaunchStoryboardName = LaunchScreen;
				INFOPLIST_KEY_UIMainStoryboardFile = Main;
				INFOPLIST_KEY_UISupportedInterfaceOrientations_iPad = "UIInterfaceOrientationPortrait UIInterfaceOrientationPortraitUpsideDown UIInterfaceOrientationLandscapeLeft UIInterfaceOrientationLandscapeRight";
				INFOPLIST_KEY_UISupportedInterfaceOrientations_iPhone = "UIInterfaceOrientationPortrait UIInterfaceOrientationLandscapeLeft UIInterfaceOrientationLandscapeRight";
				LD_RUNPATH_SEARCH_PATHS = (
					"$(inherited)",
					"@executable_path/Frameworks",
				);
				MARKETING_VERSION = 1.0;
				PRODUCT_BUNDLE_IDENTIFIER = com.royaiyetin.MintynApp;
				PRODUCT_NAME = "$(TARGET_NAME)";
				SWIFT_EMIT_LOC_STRINGS = YES;
				SWIFT_VERSION = 5.0;
				TARGETED_DEVICE_FAMILY = "1,2";
			};
			name = Debug;
		};
		300D959E2948D1F400FE2049 /* Release */ = {
			isa = XCBuildConfiguration;
			buildSettings = {
				ASSETCATALOG_COMPILER_APPICON_NAME = AppIcon;
				ASSETCATALOG_COMPILER_GLOBAL_ACCENT_COLOR_NAME = AccentColor;
				CODE_SIGN_STYLE = Automatic;
				CURRENT_PROJECT_VERSION = 1;
				DEVELOPMENT_TEAM = L77873QU8Q;
				GENERATE_INFOPLIST_FILE = YES;
				INFOPLIST_FILE = MintynApp/Info.plist;
				INFOPLIST_KEY_UIApplicationSupportsIndirectInputEvents = YES;
				INFOPLIST_KEY_UILaunchStoryboardName = LaunchScreen;
				INFOPLIST_KEY_UIMainStoryboardFile = Main;
				INFOPLIST_KEY_UISupportedInterfaceOrientations_iPad = "UIInterfaceOrientationPortrait UIInterfaceOrientationPortraitUpsideDown UIInterfaceOrientationLandscapeLeft UIInterfaceOrientationLandscapeRight";
				INFOPLIST_KEY_UISupportedInterfaceOrientations_iPhone = "UIInterfaceOrientationPortrait UIInterfaceOrientationLandscapeLeft UIInterfaceOrientationLandscapeRight";
				LD_RUNPATH_SEARCH_PATHS = (
					"$(inherited)",
					"@executable_path/Frameworks",
				);
				MARKETING_VERSION = 1.0;
				PRODUCT_BUNDLE_IDENTIFIER = com.royaiyetin.MintynApp;
				PRODUCT_NAME = "$(TARGET_NAME)";
				SWIFT_EMIT_LOC_STRINGS = YES;
				SWIFT_VERSION = 5.0;
				TARGETED_DEVICE_FAMILY = "1,2";
			};
			name = Release;
		};
/* End XCBuildConfiguration section */

/* Begin XCConfigurationList section */
		300D95832948D1F200FE2049 /* Build configuration list for PBXProject "MintynApp" */ = {
			isa = XCConfigurationList;
			buildConfigurations = (
				300D959A2948D1F400FE2049 /* Debug */,
				300D959B2948D1F400FE2049 /* Release */,
			);
			defaultConfigurationIsVisible = 0;
			defaultConfigurationName = Release;
		};
		300D959C2948D1F400FE2049 /* Build configuration list for PBXNativeTarget "MintynApp" */ = {
			isa = XCConfigurationList;
			buildConfigurations = (
				300D959D2948D1F400FE2049 /* Debug */,
				300D959E2948D1F400FE2049 /* Release */,
			);
			defaultConfigurationIsVisible = 0;
			defaultConfigurationName = Release;
		};
/* End XCConfigurationList section */
	};
	rootObject = 300D95802948D1F200FE2049 /* Project object */;
}
